
Microsoft Visual Studio Solution File, Format Version 12.00
Project("{FAE04EC0-301F-11D3-BF4B-00C04F79EFBC}") = "HCommons", "src\HCommons\HCommons.csproj", "{0EE28A62-7965-4442-9D8A-93B210C632ED}"
EndProject
Project("{FAE04EC0-301F-11D3-BF4B-00C04F79EFBC}") = "HCommons.Tests", "src\HCommons.Tests\HCommons.Tests.csproj", "{A37655A3-0453-4E40-9357-D41594CF808E}"
EndProject
Project("{FAE04EC0-301F-11D3-BF4B-00C04F79EFBC}") = "HCommons.Math", "src\HCommons.Math\HCommons.Math.csproj", "{212B8E7C-DFAE-4B9A-9634-7808390E6B7E}"
EndProject
Project("{FAE04EC0-301F-11D3-BF4B-00C04F79EFBC}") = "HCommons.Buffers", "src\HCommons.Buffers\HCommons.Buffers.csproj", "{9124F1B4-986A-42B2-8562-17CD7AF2DA2D}"
EndProject
Project("{FAE04EC0-301F-11D3-BF4B-00C04F79EFBC}") = "HCommons.Monads", "src\HCommons.Monads\HCommons.Monads.csproj", "{D582A9A4-26B0-4216-BC8C-8355477CEEBB}"
EndProject
Project("{FAE04EC0-301F-11D3-BF4B-00C04F79EFBC}") = "HCommons.Disposables", "src\HCommons.Disposables\HCommons.Disposables.csproj", "{4CDA17B0-F92D-4226-849D-037D2BF6884E}"
EndProject
Project("{FAE04EC0-301F-11D3-BF4B-00C04F79EFBC}") = "HCommons.Benchmarks", "sandbox\HCommons.Benchmarks\HCommons.Benchmarks.csproj", "{2861FD4C-1953-4BC6-AE45-70B8595EAB93}"
EndProject
Project("{FAE04EC0-301F-11D3-BF4B-00C04F79EFBC}") = "HCommons.Void", "src\HCommons.Void\HCommons.Void.csproj", "{E60D5F86-0B1B-4637-99A4-2621025AFF44}"
EndProject
Global
	GlobalSection(SolutionConfigurationPlatforms) = preSolution
		Debug|Any CPU = Debug|Any CPU
		Release|Any CPU = Release|Any CPU
	EndGlobalSection
	GlobalSection(ProjectConfigurationPlatforms) = postSolution
		{0EE28A62-7965-4442-9D8A-93B210C632ED}.Debug|Any CPU.ActiveCfg = Debug|Any CPU
		{0EE28A62-7965-4442-9D8A-93B210C632ED}.Debug|Any CPU.Build.0 = Debug|Any CPU
		{0EE28A62-7965-4442-9D8A-93B210C632ED}.Release|Any CPU.ActiveCfg = Release|Any CPU
		{0EE28A62-7965-4442-9D8A-93B210C632ED}.Release|Any CPU.Build.0 = Release|Any CPU
		{A37655A3-0453-4E40-9357-D41594CF808E}.Debug|Any CPU.ActiveCfg = Debug|Any CPU
		{A37655A3-0453-4E40-9357-D41594CF808E}.Debug|Any CPU.Build.0 = Debug|Any CPU
		{A37655A3-0453-4E40-9357-D41594CF808E}.Release|Any CPU.ActiveCfg = Release|Any CPU
		{A37655A3-0453-4E40-9357-D41594CF808E}.Release|Any CPU.Build.0 = Release|Any CPU
		{212B8E7C-DFAE-4B9A-9634-7808390E6B7E}.Debug|Any CPU.ActiveCfg = Debug|Any CPU
		{212B8E7C-DFAE-4B9A-9634-7808390E6B7E}.Debug|Any CPU.Build.0 = Debug|Any CPU
		{212B8E7C-DFAE-4B9A-9634-7808390E6B7E}.Release|Any CPU.ActiveCfg = Release|Any CPU
		{212B8E7C-DFAE-4B9A-9634-7808390E6B7E}.Release|Any CPU.Build.0 = Release|Any CPU
		{9124F1B4-986A-42B2-8562-17CD7AF2DA2D}.Debug|Any CPU.ActiveCfg = Debug|Any CPU
		{9124F1B4-986A-42B2-8562-17CD7AF2DA2D}.Debug|Any CPU.Build.0 = Debug|Any CPU
		{9124F1B4-986A-42B2-8562-17CD7AF2DA2D}.Release|Any CPU.ActiveCfg = Release|Any CPU
		{9124F1B4-986A-42B2-8562-17CD7AF2DA2D}.Release|Any CPU.Build.0 = Release|Any CPU
		{D582A9A4-26B0-4216-BC8C-8355477CEEBB}.Debug|Any CPU.ActiveCfg = Debug|Any CPU
		{D582A9A4-26B0-4216-BC8C-8355477CEEBB}.Debug|Any CPU.Build.0 = Debug|Any CPU
		{D582A9A4-26B0-4216-BC8C-8355477CEEBB}.Release|Any CPU.ActiveCfg = Release|Any CPU
		{D582A9A4-26B0-4216-BC8C-8355477CEEBB}.Release|Any CPU.Build.0 = Release|Any CPU
		{4CDA17B0-F92D-4226-849D-037D2BF6884E}.Debug|Any CPU.ActiveCfg = Debug|Any CPU
		{4CDA17B0-F92D-4226-849D-037D2BF6884E}.Debug|Any CPU.Build.0 = Debug|Any CPU
		{4CDA17B0-F92D-4226-849D-037D2BF6884E}.Release|Any CPU.ActiveCfg = Release|Any CPU
		{4CDA17B0-F92D-4226-849D-037D2BF6884E}.Release|Any CPU.Build.0 = Release|Any CPU
		{2861FD4C-1953-4BC6-AE45-70B8595EAB93}.Debug|Any CPU.ActiveCfg = Debug|Any CPU
		{2861FD4C-1953-4BC6-AE45-70B8595EAB93}.Debug|Any CPU.Build.0 = Debug|Any CPU
		{2861FD4C-1953-4BC6-AE45-70B8595EAB93}.Release|Any CPU.ActiveCfg = Release|Any CPU
		{2861FD4C-1953-4BC6-AE45-70B8595EAB93}.Release|Any CPU.Build.0 = Release|Any CPU
		{E60D5F86-0B1B-4637-99A4-2621025AFF44}.Debug|Any CPU.ActiveCfg = Debug|Any CPU
		{E60D5F86-0B1B-4637-99A4-2621025AFF44}.Debug|Any CPU.Build.0 = Debug|Any CPU
		{E60D5F86-0B1B-4637-99A4-2621025AFF44}.Release|Any CPU.ActiveCfg = Release|Any CPU
		{E60D5F86-0B1B-4637-99A4-2621025AFF44}.Release|Any CPU.Build.0 = Release|Any CPU
	EndGlobalSection
EndGlobal
